
Microsoft Visual Studio Solution File, Format Version 12.00
# Visual Studio Version 16
VisualStudioVersion = 16.0.31105.61
MinimumVisualStudioVersion = 10.0.40219.1
Project("{FAE04EC0-301F-11D3-BF4B-00C04F79EFBC}") = "DBTHUVIEN", "DBTHUVIEN\DBTHUVIEN.csproj", "{FAE2A470-A19E-4871-B42D-86E39D4B48A4}"
EndProject
Global
	GlobalSection(SolutionConfigurationPlatforms) = preSolution
		Debug|Any CPU = Debug|Any CPU
		Release|Any CPU = Release|Any CPU
	EndGlobalSection
	GlobalSection(ProjectConfigurationPlatforms) = postSolution
		{FAE2A470-A19E-4871-B42D-86E39D4B48A4}.Debug|Any CPU.ActiveCfg = Debug|Any CPU
		{FAE2A470-A19E-4871-B42D-86E39D4B48A4}.Debug|Any CPU.Build.0 = Debug|Any CPU
		{FAE2A470-A19E-4871-B42D-86E39D4B48A4}.Release|Any CPU.ActiveCfg = Release|Any CPU
		{FAE2A470-A19E-4871-B42D-86E39D4B48A4}.Release|Any CPU.Build.0 = Release|Any CPU
	EndGlobalSection
	GlobalSection(SolutionProperties) = preSolution
		HideSolutionNode = FALSE
	EndGlobalSection
	GlobalSection(ExtensibilityGlobals) = postSolution
		SolutionGuid = {B15ABC76-9C17-4C54-A83A-8B2F5B9AC26A}
	EndGlobalSection
EndGlobal
